// !$*UTF8*$!
{
	archiveVersion = 1;
	classes = {
	};
	objectVersion = 56;
	objects = {

/* Begin PBXBuildFile section */
		000000000000000000000035 /* ContentView.swift in Sources */ = {isa = PBXBuildFile; fileRef = 000000000000000000000003 /* ContentView.swift */; };
		000000000000000000000036 /* Country.swift in Sources */ = {isa = PBXBuildFile; fileRef = 000000000000000000000005 /* Country.swift */; };
		000000000000000000000037 /* CountryStore.swift in Sources */ = {isa = PBXBuildFile; fileRef = 000000000000000000000006 /* CountryStore.swift */; };
		000000000000000000000038 /* DailyPuzzle.swift in Sources */ = {isa = PBXBuildFile; fileRef = 000000000000000000000007 /* DailyPuzzle.swift */; };
		000000000000000000000039 /* GameState.swift in Sources */ = {isa = PBXBuildFile; fileRef = 000000000000000000000008 /* GameState.swift */; };
		00000000000000000000003A /* Geo.swift in Sources */ = {isa = PBXBuildFile; fileRef = 000000000000000000000009 /* Geo.swift */; };
		00000000000000000000003B /* Persistence.swift in Sources */ = {isa = PBXBuildFile; fileRef = 00000000000000000000000A /* Persistence.swift */; };
		00000000000000000000003C /* Proximity.swift in Sources */ = {isa = PBXBuildFile; fileRef = 00000000000000000000000B /* Proximity.swift */; };
		00000000000000000000003D /* GlobeTextureRenderer.swift in Sources */ = {isa = PBXBuildFile; fileRef = 00000000000000000000000D /* GlobeTextureRenderer.swift */; };
		00000000000000000000003E /* GlobeView.swift in Sources */ = {isa = PBXBuildFile; fileRef = 00000000000000000000000E /* GlobeView.swift */; };
		00000000000000000000003F /* SphereMesh.swift in Sources */ = {isa = PBXBuildFile; fileRef = 00000000000000000000000F /* SphereMesh.swift */; };
		000000000000000000000040 /* GlobleApp.swift in Sources */ = {isa = PBXBuildFile; fileRef = 000000000000000000000010 /* GlobleApp.swift */; };
		000000000000000000000041 /* ConfettiView.swift in Sources */ = {isa = PBXBuildFile; fileRef = 000000000000000000000014 /* ConfettiView.swift */; };
		000000000000000000000042 /* GuessInputView.swift in Sources */ = {isa = PBXBuildFile; fileRef = 000000000000000000000015 /* GuessInputView.swift */; };
		000000000000000000000043 /* GuessListView.swift in Sources */ = {isa = PBXBuildFile; fileRef = 000000000000000000000016 /* GuessListView.swift */; };
		000000000000000000000044 /* InfoSheets.swift in Sources */ = {isa = PBXBuildFile; fileRef = 000000000000000000000017 /* InfoSheets.swift */; };
		000000000000000000000045 /* Theme.swift in Sources */ = {isa = PBXBuildFile; fileRef = 000000000000000000000018 /* Theme.swift */; };
		000000000000000000000046 /* WinBanner.swift in Sources */ = {isa = PBXBuildFile; fileRef = 000000000000000000000019 /* WinBanner.swift */; };
		000000000000000000000047 /* Assets.xcassets in Resources */ = {isa = PBXBuildFile; fileRef = 000000000000000000000002 /* Assets.xcassets */; };
		000000000000000000000048 /* countries.json in Resources */ = {isa = PBXBuildFile; fileRef = 000000000000000000000012 /* countries.json */; };
		000000000000000000000049 /* DataTests.swift in Sources */ = {isa = PBXBuildFile; fileRef = 00000000000000000000001B /* DataTests.swift */; };
		00000000000000000000004A /* LogicTests.swift in Sources */ = {isa = PBXBuildFile; fileRef = 00000000000000000000001C /* LogicTests.swift */; };
/* End PBXBuildFile section */


/* Begin PBXContainerItemProxy section */
		000000000000000000000034 /* PBXContainerItemProxy */ = {
			isa = PBXContainerItemProxy;
			containerPortal = 000000000000000000000021 /* Project object */;
			proxyType = 1;
			remoteGlobalIDString = 000000000000000000000020;
			remoteInfo = Globle;
		};
/* End PBXContainerItemProxy section */


/* Begin PBXFileReference section */
		000000000000000000000002 /* Assets.xcassets */ = {isa = PBXFileReference; lastKnownFileType = folder.assetcatalog; path = "Assets.xcassets"; sourceTree = "<group>"; };
		000000000000000000000003 /* ContentView.swift */ = {isa = PBXFileReference; lastKnownFileType = sourcecode.swift; path = "ContentView.swift"; sourceTree = "<group>"; };
		000000000000000000000005 /* Country.swift */ = {isa = PBXFileReference; lastKnownFileType = sourcecode.swift; path = "Country.swift"; sourceTree = "<group>"; };
		000000000000000000000006 /* CountryStore.swift */ = {isa = PBXFileReference; lastKnownFileType = sourcecode.swift; path = "CountryStore.swift"; sourceTree = "<group>"; };
		000000000000000000000007 /* DailyPuzzle.swift */ = {isa = PBXFileReference; lastKnownFileType = sourcecode.swift; path = "DailyPuzzle.swift"; sourceTree = "<group>"; };
		000000000000000000000008 /* GameState.swift */ = {isa = PBXFileReference; lastKnownFileType = sourcecode.swift; path = "GameState.swift"; sourceTree = "<group>"; };
		000000000000000000000009 /* Geo.swift */ = {isa = PBXFileReference; lastKnownFileType = sourcecode.swift; path = "Geo.swift"; sourceTree = "<group>"; };
		00000000000000000000000A /* Persistence.swift */ = {isa = PBXFileReference; lastKnownFileType = sourcecode.swift; path = "Persistence.swift"; sourceTree = "<group>"; };
		00000000000000000000000B /* Proximity.swift */ = {isa = PBXFileReference; lastKnownFileType = sourcecode.swift; path = "Proximity.swift"; sourceTree = "<group>"; };
		00000000000000000000000D /* GlobeTextureRenderer.swift */ = {isa = PBXFileReference; lastKnownFileType = sourcecode.swift; path = "GlobeTextureRenderer.swift"; sourceTree = "<group>"; };
		00000000000000000000000E /* GlobeView.swift */ = {isa = PBXFileReference; lastKnownFileType = sourcecode.swift; path = "GlobeView.swift"; sourceTree = "<group>"; };
		00000000000000000000000F /* SphereMesh.swift */ = {isa = PBXFileReference; lastKnownFileType = sourcecode.swift; path = "SphereMesh.swift"; sourceTree = "<group>"; };
		000000000000000000000010 /* GlobleApp.swift */ = {isa = PBXFileReference; lastKnownFileType = sourcecode.swift; path = "GlobleApp.swift"; sourceTree = "<group>"; };
		000000000000000000000012 /* countries.json */ = {isa = PBXFileReference; lastKnownFileType = text.json; path = "countries.json"; sourceTree = "<group>"; };
		000000000000000000000014 /* ConfettiView.swift */ = {isa = PBXFileReference; lastKnownFileType = sourcecode.swift; path = "ConfettiView.swift"; sourceTree = "<group>"; };
		000000000000000000000015 /* GuessInputView.swift */ = {isa = PBXFileReference; lastKnownFileType = sourcecode.swift; path = "GuessInputView.swift"; sourceTree = "<group>"; };
		000000000000000000000016 /* GuessListView.swift */ = {isa = PBXFileReference; lastKnownFileType = sourcecode.swift; path = "GuessListView.swift"; sourceTree = "<group>"; };
		000000000000000000000017 /* InfoSheets.swift */ = {isa = PBXFileReference; lastKnownFileType = sourcecode.swift; path = "InfoSheets.swift"; sourceTree = "<group>"; };
		000000000000000000000018 /* Theme.swift */ = {isa = PBXFileReference; lastKnownFileType = sourcecode.swift; path = "Theme.swift"; sourceTree = "<group>"; };
		000000000000000000000019 /* WinBanner.swift */ = {isa = PBXFileReference; lastKnownFileType = sourcecode.swift; path = "WinBanner.swift"; sourceTree = "<group>"; };
		00000000000000000000001B /* DataTests.swift */ = {isa = PBXFileReference; lastKnownFileType = sourcecode.swift; path = "DataTests.swift"; sourceTree = "<group>"; };
		00000000000000000000001C /* LogicTests.swift */ = {isa = PBXFileReference; lastKnownFileType = sourcecode.swift; path = "LogicTests.swift"; sourceTree = "<group>"; };
		00000000000000000000001D /* Globle.app */ = {isa = PBXFileReference; explicitFileType = wrapper.application; includeInIndex = 0; path = Globle.app; sourceTree = BUILT_PRODUCTS_DIR; };
		00000000000000000000002B /* GlobleTests.xctest */ = {isa = PBXFileReference; explicitFileType = wrapper.cfbundle; includeInIndex = 0; path = GlobleTests.xctest; sourceTree = BUILT_PRODUCTS_DIR; };
/* End PBXFileReference section */


/* Begin PBXFrameworksBuildPhase section */
		000000000000000000000023 /* Frameworks */ = {
			isa = PBXFrameworksBuildPhase;
			buildActionMask = 2147483647;
			files = (
			);
			runOnlyForDeploymentPostprocessing = 0;
		};
		00000000000000000000002E /* Frameworks */ = {
			isa = PBXFrameworksBuildPhase;
			buildActionMask = 2147483647;
			files = (
			);
			runOnlyForDeploymentPostprocessing = 0;
		};
/* End PBXFrameworksBuildPhase section */


/* Begin PBXGroup section */
		000000000000000000000004 /* Game */ = {
			isa = PBXGroup;
			children = (
				000000000000000000000005 /* Country.swift */,
				000000000000000000000006 /* CountryStore.swift */,
				000000000000000000000007 /* DailyPuzzle.swift */,
				000000000000000000000008 /* GameState.swift */,
				000000000000000000000009 /* Geo.swift */,
				00000000000000000000000A /* Persistence.swift */,
				00000000000000000000000B /* Proximity.swift */,
			);
			path = Game;
			sourceTree = "<group>";
		};
		00000000000000000000000C /* Globe */ = {
			isa = PBXGroup;
			children = (
				00000000000000000000000D /* GlobeTextureRenderer.swift */,
				00000000000000000000000E /* GlobeView.swift */,
				00000000000000000000000F /* SphereMesh.swift */,
			);
			path = Globe;
			sourceTree = "<group>";
		};
		000000000000000000000011 /* Resources */ = {
			isa = PBXGroup;
			children = (
				000000000000000000000012 /* countries.json */,
			);
			path = Resources;
			sourceTree = "<group>";
		};
		000000000000000000000013 /* UI */ = {
			isa = PBXGroup;
			children = (
				000000000000000000000014 /* ConfettiView.swift */,
				000000000000000000000015 /* GuessInputView.swift */,
				000000000000000000000016 /* GuessListView.swift */,
				000000000000000000000017 /* InfoSheets.swift */,
				000000000000000000000018 /* Theme.swift */,
				000000000000000000000019 /* WinBanner.swift */,
			);
			path = UI;
			sourceTree = "<group>";
		};
		000000000000000000000001 /* Globle */ = {
			isa = PBXGroup;
			children = (
				000000000000000000000002 /* Assets.xcassets */,
				000000000000000000000003 /* ContentView.swift */,
				000000000000000000000004 /* Game */,
				00000000000000000000000C /* Globe */,
				000000000000000000000010 /* GlobleApp.swift */,
				000000000000000000000011 /* Resources */,
				000000000000000000000013 /* UI */,
			);
			path = Globle;
			sourceTree = "<group>";
		};
		00000000000000000000001A /* GlobleTests */ = {
			isa = PBXGroup;
			children = (
				00000000000000000000001B /* DataTests.swift */,
				00000000000000000000001C /* LogicTests.swift */,
			);
			path = GlobleTests;
			sourceTree = "<group>";
		};
		00000000000000000000001E /* Products */ = {
			isa = PBXGroup;
			children = (
				00000000000000000000001D /* Globle.app */,
				00000000000000000000002B /* GlobleTests.xctest */,
			);
			name = Products;
			sourceTree = "<group>";
		};
		00000000000000000000001F = {
			isa = PBXGroup;
			children = (
				000000000000000000000001 /* Globle */,
				00000000000000000000001A /* GlobleTests */,
				00000000000000000000001E /* Products */,
			);
			sourceTree = "<group>";
		};
/* End PBXGroup section */


/* Begin PBXNativeTarget section */
		000000000000000000000020 /* Globle */ = {
			isa = PBXNativeTarget;
			buildConfigurationList = 000000000000000000000026 /* Build configuration list for PBXNativeTarget "Globle" */;
			buildPhases = (
				000000000000000000000022 /* Sources */,
				000000000000000000000023 /* Frameworks */,
				000000000000000000000024 /* Resources */,
			);
			buildRules = (
			);
			dependencies = (
			);
			name = Globle;
			productName = Globle;
			productReference = 00000000000000000000001D /* Globle.app */;
			productType = "com.apple.product-type.application";
		};
		00000000000000000000002C /* GlobleTests */ = {
			isa = PBXNativeTarget;
			buildConfigurationList = 000000000000000000000030 /* Build configuration list for PBXNativeTarget "GlobleTests" */;
			buildPhases = (
				00000000000000000000002D /* Sources */,
				00000000000000000000002E /* Frameworks */,
				00000000000000000000002F /* Resources */,
			);
			buildRules = (
			);
			dependencies = (
				000000000000000000000033 /* PBXTargetDependency */,
			);
			name = GlobleTests;
			productName = GlobleTests;
			productReference = 00000000000000000000002B /* GlobleTests.xctest */;
			productType = "com.apple.product-type.bundle.unit-test";
		};
/* End PBXNativeTarget section */


/* Begin PBXProject section */
		000000000000000000000021 /* Project object */ = {
			isa = PBXProject;
			attributes = {
				BuildIndependentTargetsInParallel = 1;
				LastSwiftUpdateCheck = 1520;
				LastUpgradeCheck = 1520;
				TargetAttributes = {
					000000000000000000000020 = {
						CreatedOnToolsVersion = 15.2;
					};
					00000000000000000000002C = {
						CreatedOnToolsVersion = 15.2;
						TestTargetID = 000000000000000000000020;
					};
				};
			};
			buildConfigurationList = 000000000000000000000025 /* Build configuration list for PBXProject "Globle" */;
			compatibilityVersion = "Xcode 14.0";
			developmentRegion = en;
			hasScannedForEncodings = 0;
			knownRegions = (
				en,
				Base,
			);
			mainGroup = 00000000000000000000001F;
			productRefGroup = 00000000000000000000001E /* Products */;
			projectDirPath = "";
			projectRoot = "";
			targets = (
				000000000000000000000020 /* Globle */,
				00000000000000000000002C /* GlobleTests */,
			);
		};
/* End PBXProject section */


/* Begin PBXResourcesBuildPhase section */
		000000000000000000000024 /* Resources */ = {
			isa = PBXResourcesBuildPhase;
			buildActionMask = 2147483647;
			files = (
				000000000000000000000047 /* Assets.xcassets in Resources */,
				000000000000000000000048 /* countries.json in Resources */,
			);
			runOnlyForDeploymentPostprocessing = 0;
		};
		00000000000000000000002F /* Resources */ = {
			isa = PBXResourcesBuildPhase;
			buildActionMask = 2147483647;
			files = (
			);
			runOnlyForDeploymentPostprocessing = 0;
		};
/* End PBXResourcesBuildPhase section */


/* Begin PBXSourcesBuildPhase section */
		000000000000000000000022 /* Sources */ = {
			isa = PBXSourcesBuildPhase;
			buildActionMask = 2147483647;
			files = (
				000000000000000000000035 /* ContentView.swift in Sources */,
				000000000000000000000036 /* Country.swift in Sources */,
				000000000000000000000037 /* CountryStore.swift in Sources */,
				000000000000000000000038 /* DailyPuzzle.swift in Sources */,
				000000000000000000000039 /* GameState.swift in Sources */,
				00000000000000000000003A /* Geo.swift in Sources */,
				00000000000000000000003B /* Persistence.swift in Sources */,
				00000000000000000000003C /* Proximity.swift in Sources */,
				00000000000000000000003D /* GlobeTextureRenderer.swift in Sources */,
				00000000000000000000003E /* GlobeView.swift in Sources */,
				00000000000000000000003F /* SphereMesh.swift in Sources */,
				000000000000000000000040 /* GlobleApp.swift in Sources */,
				000000000000000000000041 /* ConfettiView.swift in Sources */,
				000000000000000000000042 /* GuessInputView.swift in Sources */,
				000000000000000000000043 /* GuessListView.swift in Sources */,
				000000000000000000000044 /* InfoSheets.swift in Sources */,
				000000000000000000000045 /* Theme.swift in Sources */,
				000000000000000000000046 /* WinBanner.swift in Sources */,
			);
			runOnlyForDeploymentPostprocessing = 0;
		};
		00000000000000000000002D /* Sources */ = {
			isa = PBXSourcesBuildPhase;
			buildActionMask = 2147483647;
			files = (
				000000000000000000000049 /* DataTests.swift in Sources */,
				00000000000000000000004A /* LogicTests.swift in Sources */,
			);
			runOnlyForDeploymentPostprocessing = 0;
		};
/* End PBXSourcesBuildPhase section */


/* Begin PBXTargetDependency section */
		000000000000000000000033 /* PBXTargetDependency */ = {
			isa = PBXTargetDependency;
			target = 000000000000000000000020 /* Globle */;
			targetProxy = 000000000000000000000034 /* PBXContainerItemProxy */;
		};
/* End PBXTargetDependency section */


/* Begin XCBuildConfiguration section */
		000000000000000000000027 /* Debug */ = {
			isa = XCBuildConfiguration;
			buildSettings = {
				ALWAYS_SEARCH_USER_PATHS = NO;
				ASSETCATALOG_COMPILER_GENERATE_SWIFT_ASSET_SYMBOL_EXTENSIONS = YES;
				CLANG_ANALYZER_NONNULL = YES;
				CLANG_ANALYZER_NUMBER_OBJECT_CONVERSION = YES_AGGRESSIVE;
				CLANG_CXX_LANGUAGE_STANDARD = "gnu++20";
				CLANG_ENABLE_MODULES = YES;
				CLANG_ENABLE_OBJC_ARC = YES;
				CLANG_ENABLE_OBJC_WEAK = YES;
				CLANG_WARN_BLOCK_CAPTURE_AUTORELEASING = YES;
				CLANG_WARN_BOOL_CONVERSION = YES;
				CLANG_WARN_COMMA = YES;
				CLANG_WARN_CONSTANT_CONVERSION = YES;
				CLANG_WARN_DEPRECATED_OBJC_IMPLEMENTATIONS = YES;
				CLANG_WARN_DIRECT_OBJC_ISA_USAGE = YES_ERROR;
				CLANG_WARN_DOCUMENTATION_COMMENTS = YES;
				CLANG_WARN_EMPTY_BODY = YES;
				CLANG_WARN_ENUM_CONVERSION = YES;
				CLANG_WARN_INFINITE_RECURSION = YES;
				CLANG_WARN_INT_CONVERSION = YES;
				CLANG_WARN_NON_LITERAL_NULL_CONVERSION = YES;
				CLANG_WARN_OBJC_IMPLICIT_RETAIN_SELF = YES;
				CLANG_WARN_OBJC_LITERAL_CONVERSION = YES;
				CLANG_WARN_OBJC_ROOT_CLASS = YES_ERROR;
				CLANG_WARN_QUOTED_INCLUDE_IN_FRAMEWORK_HEADER = YES;
				CLANG_WARN_RANGE_LOOP_ANALYSIS = YES;
				CLANG_WARN_STRICT_PROTOTYPES = YES;
				CLANG_WARN_SUSPICIOUS_MOVE = YES;
				CLANG_WARN_UNGUARDED_AVAILABILITY = YES_AGGRESSIVE;
				CLANG_WARN_UNREACHABLE_CODE = YES;
				CLANG_WARN__DUPLICATE_METHOD_MATCH = YES;
				COPY_PHASE_STRIP = NO;
				DEBUG_INFORMATION_FORMAT = dwarf;
				ENABLE_STRICT_OBJC_MSGSEND = YES;
				ENABLE_TESTABILITY = YES;
				ENABLE_USER_SCRIPT_SANDBOXING = YES;
				GCC_C_LANGUAGE_STANDARD = gnu17;
				GCC_DYNAMIC_NO_PIC = NO;
				GCC_NO_COMMON_BLOCKS = YES;
				GCC_OPTIMIZATION_LEVEL = 0;
				GCC_PREPROCESSOR_DEFINITIONS = "DEBUG=1 $(inherited)";
				GCC_WARN_64_TO_32_BIT_CONVERSION = YES;
				GCC_WARN_ABOUT_RETURN_TYPE = YES_ERROR;
				GCC_WARN_UNDECLARED_SELECTOR = YES;
				GCC_WARN_UNINITIALIZED_AUTOS = YES_AGGRESSIVE;
				GCC_WARN_UNUSED_FUNCTION = YES;
				GCC_WARN_UNUSED_VARIABLE = YES;
				IPHONEOS_DEPLOYMENT_TARGET = 16.0;
				LOCALIZATION_PREFERS_STRING_CATALOGS = YES;
				MTL_ENABLE_DEBUG_INFO = INCLUDE_SOURCE;
				MTL_FAST_MATH = YES;
				ONLY_ACTIVE_ARCH = YES;
				SDKROOT = iphoneos;
				SWIFT_ACTIVE_COMPILATION_CONDITIONS = "DEBUG $(inherited)";
				SWIFT_OPTIMIZATION_LEVEL = "-Onone";
			};
			name = Debug;
		};
		000000000000000000000028 /* Release */ = {
			isa = XCBuildConfiguration;
			buildSettings = {
				ALWAYS_SEARCH_USER_PATHS = NO;
				ASSETCATALOG_COMPILER_GENERATE_SWIFT_ASSET_SYMBOL_EXTENSIONS = YES;
				CLANG_ANALYZER_NONNULL = YES;
				CLANG_ANALYZER_NUMBER_OBJECT_CONVERSION = YES_AGGRESSIVE;
				CLANG_CXX_LANGUAGE_STANDARD = "gnu++20";
				CLANG_ENABLE_MODULES = YES;
				CLANG_ENABLE_OBJC_ARC = YES;
				CLANG_ENABLE_OBJC_WEAK = YES;
				CLANG_WARN_BLOCK_CAPTURE_AUTORELEASING = YES;
				CLANG_WARN_BOOL_CONVERSION = YES;
				CLANG_WARN_COMMA = YES;
				CLANG_WARN_CONSTANT_CONVERSION = YES;
				CLANG_WARN_DEPRECATED_OBJC_IMPLEMENTATIONS = YES;
				CLANG_WARN_DIRECT_OBJC_ISA_USAGE = YES_ERROR;
				CLANG_WARN_DOCUMENTATION_COMMENTS = YES;
				CLANG_WARN_EMPTY_BODY = YES;
				CLANG_WARN_ENUM_CONVERSION = YES;
				CLANG_WARN_INFINITE_RECURSION = YES;
				CLANG_WARN_INT_CONVERSION = YES;
				CLANG_WARN_NON_LITERAL_NULL_CONVERSION = YES;
				CLANG_WARN_OBJC_IMPLICIT_RETAIN_SELF = YES;
				CLANG_WARN_OBJC_LITERAL_CONVERSION = YES;
				CLANG_WARN_OBJC_ROOT_CLASS = YES_ERROR;
				CLANG_WARN_QUOTED_INCLUDE_IN_FRAMEWORK_HEADER = YES;
				CLANG_WARN_RANGE_LOOP_ANALYSIS = YES;
				CLANG_WARN_STRICT_PROTOTYPES = YES;
				CLANG_WARN_SUSPICIOUS_MOVE = YES;
				CLANG_WARN_UNGUARDED_AVAILABILITY = YES_AGGRESSIVE;
				CLANG_WARN_UNREACHABLE_CODE = YES;
				CLANG_WARN__DUPLICATE_METHOD_MATCH = YES;
				COPY_PHASE_STRIP = NO;
				DEBUG_INFORMATION_FORMAT = "dwarf-with-dsym";
				ENABLE_NS_ASSERTIONS = NO;
				ENABLE_STRICT_OBJC_MSGSEND = YES;
				ENABLE_USER_SCRIPT_SANDBOXING = YES;
				GCC_C_LANGUAGE_STANDARD = gnu17;
				GCC_NO_COMMON_BLOCKS = YES;
				GCC_WARN_64_TO_32_BIT_CONVERSION = YES;
				GCC_WARN_ABOUT_RETURN_TYPE = YES_ERROR;
				GCC_WARN_UNDECLARED_SELECTOR = YES;
				GCC_WARN_UNINITIALIZED_AUTOS = YES_AGGRESSIVE;
				GCC_WARN_UNUSED_FUNCTION = YES;
				GCC_WARN_UNUSED_VARIABLE = YES;
				IPHONEOS_DEPLOYMENT_TARGET = 16.0;
				LOCALIZATION_PREFERS_STRING_CATALOGS = YES;
				MTL_ENABLE_DEBUG_INFO = NO;
				MTL_FAST_MATH = YES;
				SDKROOT = iphoneos;
				SWIFT_COMPILATION_MODE = wholemodule;
				SWIFT_OPTIMIZATION_LEVEL = "-O";
				VALIDATE_PRODUCT = YES;
			};
			name = Release;
		};
		000000000000000000000029 /* Debug */ = {
			isa = XCBuildConfiguration;
			buildSettings = {
				ASSETCATALOG_COMPILER_APPICON_NAME = AppIcon;
				ASSETCATALOG_COMPILER_GLOBAL_ACCENT_COLOR_NAME = AccentColor;
				CODE_SIGN_STYLE = Automatic;
				CURRENT_PROJECT_VERSION = 1;
				ENABLE_PREVIEWS = YES;
				GENERATE_INFOPLIST_FILE = YES;
				INFOPLIST_KEY_UIApplicationSceneManifest_Generation = YES;
				INFOPLIST_KEY_UIApplicationSupportsIndirectInputEvents = YES;
				INFOPLIST_KEY_UILaunchScreen_Generation = YES;
				INFOPLIST_KEY_UISupportedInterfaceOrientations = "UIInterfaceOrientationPortrait UIInterfaceOrientationLandscapeLeft UIInterfaceOrientationLandscapeRight";
				INFOPLIST_KEY_UISupportedInterfaceOrientations_iPad = "UIInterfaceOrientationPortrait UIInterfaceOrientationPortraitUpsideDown UIInterfaceOrientationLandscapeLeft UIInterfaceOrientationLandscapeRight";
				IPHONEOS_DEPLOYMENT_TARGET = 16.0;
				LD_RUNPATH_SEARCH_PATHS = "@executable_path/Frameworks";
				MARKETING_VERSION = 1.0;
				PRODUCT_BUNDLE_IDENTIFIER = com.example.globle;
				PRODUCT_NAME = "$(TARGET_NAME)";
				SWIFT_EMIT_LOC_STRINGS = YES;
				SWIFT_VERSION = 5.0;
				TARGETED_DEVICE_FAMILY = "1,2";
			};
			name = Debug;
		};
		00000000000000000000002A /* Release */ = {
			isa = XCBuildConfiguration;
			buildSettings = {
				ASSETCATALOG_COMPILER_APPICON_NAME = AppIcon;
				ASSETCATALOG_COMPILER_GLOBAL_ACCENT_COLOR_NAME = AccentColor;
				CODE_SIGN_STYLE = Automatic;
				CURRENT_PROJECT_VERSION = 1;
				ENABLE_PREVIEWS = YES;
				GENERATE_INFOPLIST_FILE = YES;
				INFOPLIST_KEY_UIApplicationSceneManifest_Generation = YES;
				INFOPLIST_KEY_UIApplicationSupportsIndirectInputEvents = YES;
				INFOPLIST_KEY_UILaunchScreen_Generation = YES;
				INFOPLIST_KEY_UISupportedInterfaceOrientations = "UIInterfaceOrientationPortrait UIInterfaceOrientationLandscapeLeft UIInterfaceOrientationLandscapeRight";
				INFOPLIST_KEY_UISupportedInterfaceOrientations_iPad = "UIInterfaceOrientationPortrait UIInterfaceOrientationPortraitUpsideDown UIInterfaceOrientationLandscapeLeft UIInterfaceOrientationLandscapeRight";
				IPHONEOS_DEPLOYMENT_TARGET = 16.0;
				LD_RUNPATH_SEARCH_PATHS = "@executable_path/Frameworks";
				MARKETING_VERSION = 1.0;
				PRODUCT_BUNDLE_IDENTIFIER = com.example.globle;
				PRODUCT_NAME = "$(TARGET_NAME)";
				SWIFT_EMIT_LOC_STRINGS = YES;
				SWIFT_VERSION = 5.0;
				TARGETED_DEVICE_FAMILY = "1,2";
			};
			name = Release;
		};
		000000000000000000000031 /* Debug */ = {
			isa = XCBuildConfiguration;
			buildSettings = {
				BUNDLE_LOADER = "$(TEST_HOST)";
				CODE_SIGN_STYLE = Automatic;
				CURRENT_PROJECT_VERSION = 1;
				ENABLE_TESTING_SEARCH_PATHS = YES;
				GENERATE_INFOPLIST_FILE = YES;
				IPHONEOS_DEPLOYMENT_TARGET = 16.0;
				LD_RUNPATH_SEARCH_PATHS = "@executable_path/Frameworks @loader_path/Frameworks";
				MARKETING_VERSION = 1.0;
				PRODUCT_BUNDLE_IDENTIFIER = com.example.globleTests;
				PRODUCT_NAME = "$(TARGET_NAME)";
				SWIFT_EMIT_LOC_STRINGS = NO;
				SWIFT_VERSION = 5.0;
				TARGETED_DEVICE_FAMILY = "1,2";
				TEST_HOST = "$(BUILT_PRODUCTS_DIR)/Globle.app/$(BUNDLE_EXECUTABLE_FOLDER_PATH)/Globle";
			};
			name = Debug;
		};
		000000000000000000000032 /* Release */ = {
			isa = XCBuildConfiguration;
			buildSettings = {
				BUNDLE_LOADER = "$(TEST_HOST)";
				CODE_SIGN_STYLE = Automatic;
				CURRENT_PROJECT_VERSION = 1;
				ENABLE_TESTING_SEARCH_PATHS = YES;
				GENERATE_INFOPLIST_FILE = YES;
				IPHONEOS_DEPLOYMENT_TARGET = 16.0;
				LD_RUNPATH_SEARCH_PATHS = "@executable_path/Frameworks @loader_path/Frameworks";
				MARKETING_VERSION = 1.0;
				PRODUCT_BUNDLE_IDENTIFIER = com.example.globleTests;
				PRODUCT_NAME = "$(TARGET_NAME)";
				SWIFT_EMIT_LOC_STRINGS = NO;
				SWIFT_VERSION = 5.0;
				TARGETED_DEVICE_FAMILY = "1,2";
				TEST_HOST = "$(BUILT_PRODUCTS_DIR)/Globle.app/$(BUNDLE_EXECUTABLE_FOLDER_PATH)/Globle";
			};
			name = Release;
		};
/* End XCBuildConfiguration section */


/* Begin XCConfigurationList section */
		000000000000000000000025 /* Build configuration list for PBXProject "Globle" */ = {
			isa = XCConfigurationList;
			buildConfigurations = (
				000000000000000000000027 /* Debug */,
				000000000000000000000028 /* Release */,
			);
			defaultConfigurationIsVisible = 0;
			defaultConfigurationName = Release;
		};
		000000000000000000000026 /* Build configuration list for PBXNativeTarget "Globle" */ = {
			isa = XCConfigurationList;
			buildConfigurations = (
				000000000000000000000029 /* Debug */,
				00000000000000000000002A /* Release */,
			);
			defaultConfigurationIsVisible = 0;
			defaultConfigurationName = Release;
		};
		000000000000000000000030 /* Build configuration list for PBXNativeTarget "GlobleTests" */ = {
			isa = XCConfigurationList;
			buildConfigurations = (
				000000000000000000000031 /* Debug */,
				000000000000000000000032 /* Release */,
			);
			defaultConfigurationIsVisible = 0;
			defaultConfigurationName = Release;
		};
/* End XCConfigurationList section */

	};
	rootObject = 000000000000000000000021 /* Project object */;
}
